// !$*UTF8*$!
{
	archiveVersion = 1;
	classes = {
	};
	objectVersion = 46;
	objects = {

/* Begin PBXBuildFile section */
		440087CD17A1248D00357121 /* PDVoid.m in Sources */ = {isa = PBXBuildFile; fileRef = 440087CC17A1248D00357121 /* PDVoid.m */; };
		4404E3EE17A1763F00A97143 /* PDException.m in Sources */ = {isa = PBXBuildFile; fileRef = 4404E3ED17A1763F00A97143 /* PDException.m */; };
		AD7DDE8517A0E584004723BF /* UIKit.framework in Frameworks */ = {isa = PBXBuildFile; fileRef = AD7DDE8417A0E584004723BF /* UIKit.framework */; };
		AD7DDE8717A0E584004723BF /* Foundation.framework in Frameworks */ = {isa = PBXBuildFile; fileRef = AD7DDE8617A0E584004723BF /* Foundation.framework */; };
		AD7DDE8917A0E584004723BF /* CoreGraphics.framework in Frameworks */ = {isa = PBXBuildFile; fileRef = AD7DDE8817A0E584004723BF /* CoreGraphics.framework */; };
		AD7DDE8F17A0E584004723BF /* InfoPlist.strings in Resources */ = {isa = PBXBuildFile; fileRef = AD7DDE8D17A0E584004723BF /* InfoPlist.strings */; };
		AD7DDE9117A0E584004723BF /* main.m in Sources */ = {isa = PBXBuildFile; fileRef = AD7DDE9017A0E584004723BF /* main.m */; };
		AD7DDE9517A0E584004723BF /* PDAppDelegate.m in Sources */ = {isa = PBXBuildFile; fileRef = AD7DDE9417A0E584004723BF /* PDAppDelegate.m */; };
		AD7DDE9717A0E584004723BF /* Default.png in Resources */ = {isa = PBXBuildFile; fileRef = AD7DDE9617A0E584004723BF /* Default.png */; };
		AD7DDE9917A0E584004723BF /* Default@2x.png in Resources */ = {isa = PBXBuildFile; fileRef = AD7DDE9817A0E584004723BF /* Default@2x.png */; };
		AD7DDE9B17A0E584004723BF /* Default-568h@2x.png in Resources */ = {isa = PBXBuildFile; fileRef = AD7DDE9A17A0E584004723BF /* Default-568h@2x.png */; };
		AD7DDE9E17A0E584004723BF /* PDViewController.m in Sources */ = {isa = PBXBuildFile; fileRef = AD7DDE9D17A0E584004723BF /* PDViewController.m */; };
		AD7DDEA117A0E584004723BF /* PDViewController.xib in Resources */ = {isa = PBXBuildFile; fileRef = AD7DDE9F17A0E584004723BF /* PDViewController.xib */; };
		AD7DDEB017A0E7EA004723BF /* PDBoolPrimitiveDescriptor.m in Sources */ = {isa = PBXBuildFile; fileRef = AD7DDEAF17A0E7EA004723BF /* PDBoolPrimitiveDescriptor.m */; };
		AD7DDEB717A0F850004723BF /* PDDescriptors.m in Sources */ = {isa = PBXBuildFile; fileRef = AD7DDEB617A0F850004723BF /* PDDescriptors.m */; };
		AD7DDEBA17A116B0004723BF /* PDInt16PrimitiveDescriptor.m in Sources */ = {isa = PBXBuildFile; fileRef = AD7DDEB917A116B0004723BF /* PDInt16PrimitiveDescriptor.m */; };
		AD7DDEC017A118BC004723BF /* PDInt32PrimitiveDescriptor.m in Sources */ = {isa = PBXBuildFile; fileRef = AD7DDEBF17A118BC004723BF /* PDInt32PrimitiveDescriptor.m */; };
		AD7DDEC317A118DB004723BF /* PDInt64PrimitiveDescriptor.m in Sources */ = {isa = PBXBuildFile; fileRef = AD7DDEC217A118DB004723BF /* PDInt64PrimitiveDescriptor.m */; };
		AD7DDEC617A118F4004723BF /* PDFloatPrimitiveDescriptor.m in Sources */ = {isa = PBXBuildFile; fileRef = AD7DDEC517A118F4004723BF /* PDFloatPrimitiveDescriptor.m */; };
		AD7DDEC917A1190A004723BF /* PDDoublePrimitiveDescriptor.m in Sources */ = {isa = PBXBuildFile; fileRef = AD7DDEC817A1190A004723BF /* PDDoublePrimitiveDescriptor.m */; };
		AD7DDECC17A11938004723BF /* PDStringPrimitiveDescriptor.m in Sources */ = {isa = PBXBuildFile; fileRef = AD7DDECB17A11938004723BF /* PDStringPrimitiveDescriptor.m */; };
		AD7DDECF17A1195D004723BF /* PDVoidDescriptor.m in Sources */ = {isa = PBXBuildFile; fileRef = AD7DDECE17A1195C004723BF /* PDVoidDescriptor.m */; };
		AD7DDED217A11990004723BF /* PDListDescriptor.m in Sources */ = {isa = PBXBuildFile; fileRef = AD7DDED117A1198F004723BF /* PDListDescriptor.m */; };
		AD7DDED517A119BB004723BF /* PDSetDescriptor.m in Sources */ = {isa = PBXBuildFile; fileRef = AD7DDED417A119BA004723BF /* PDSetDescriptor.m */; };
		AD7DDED817A119E7004723BF /* PDMapDescriptor.m in Sources */ = {isa = PBXBuildFile; fileRef = AD7DDED717A119E6004723BF /* PDMapDescriptor.m */; };
/* End PBXBuildFile section */

/* Begin PBXFileReference section */
		440087CB17A1248D00357121 /* PDVoid.h */ = {isa = PBXFileReference; fileEncoding = 4; lastKnownFileType = sourcecode.c.h; path = PDVoid.h; sourceTree = "<group>"; };
		440087CC17A1248D00357121 /* PDVoid.m */ = {isa = PBXFileReference; fileEncoding = 4; lastKnownFileType = sourcecode.c.objc; path = PDVoid.m; sourceTree = "<group>"; };
		4404E3EC17A1763F00A97143 /* PDException.h */ = {isa = PBXFileReference; fileEncoding = 4; lastKnownFileType = sourcecode.c.h; path = PDException.h; sourceTree = "<group>"; };
		4404E3ED17A1763F00A97143 /* PDException.m */ = {isa = PBXFileReference; fileEncoding = 4; lastKnownFileType = sourcecode.c.objc; path = PDException.m; sourceTree = "<group>"; };
		AD7DDE8117A0E584004723BF /* pdef.app */ = {isa = PBXFileReference; explicitFileType = wrapper.application; includeInIndex = 0; path = pdef.app; sourceTree = BUILT_PRODUCTS_DIR; };
		AD7DDE8417A0E584004723BF /* UIKit.framework */ = {isa = PBXFileReference; lastKnownFileType = wrapper.framework; name = UIKit.framework; path = System/Library/Frameworks/UIKit.framework; sourceTree = SDKROOT; };
		AD7DDE8617A0E584004723BF /* Foundation.framework */ = {isa = PBXFileReference; lastKnownFileType = wrapper.framework; name = Foundation.framework; path = System/Library/Frameworks/Foundation.framework; sourceTree = SDKROOT; };
		AD7DDE8817A0E584004723BF /* CoreGraphics.framework */ = {isa = PBXFileReference; lastKnownFileType = wrapper.framework; name = CoreGraphics.framework; path = System/Library/Frameworks/CoreGraphics.framework; sourceTree = SDKROOT; };
		AD7DDE8C17A0E584004723BF /* pdef-Info.plist */ = {isa = PBXFileReference; lastKnownFileType = text.plist.xml; path = "pdef-Info.plist"; sourceTree = "<group>"; };
		AD7DDE8E17A0E584004723BF /* en */ = {isa = PBXFileReference; lastKnownFileType = text.plist.strings; name = en; path = en.lproj/InfoPlist.strings; sourceTree = "<group>"; };
		AD7DDE9017A0E584004723BF /* main.m */ = {isa = PBXFileReference; lastKnownFileType = sourcecode.c.objc; path = main.m; sourceTree = "<group>"; };
		AD7DDE9217A0E584004723BF /* pdef-Prefix.pch */ = {isa = PBXFileReference; lastKnownFileType = sourcecode.c.h; path = "pdef-Prefix.pch"; sourceTree = "<group>"; };
		AD7DDE9317A0E584004723BF /* PDAppDelegate.h */ = {isa = PBXFileReference; lastKnownFileType = sourcecode.c.h; path = PDAppDelegate.h; sourceTree = "<group>"; };
		AD7DDE9417A0E584004723BF /* PDAppDelegate.m */ = {isa = PBXFileReference; lastKnownFileType = sourcecode.c.objc; path = PDAppDelegate.m; sourceTree = "<group>"; };
		AD7DDE9617A0E584004723BF /* Default.png */ = {isa = PBXFileReference; lastKnownFileType = image.png; path = Default.png; sourceTree = "<group>"; };
		AD7DDE9817A0E584004723BF /* Default@2x.png */ = {isa = PBXFileReference; lastKnownFileType = image.png; path = "Default@2x.png"; sourceTree = "<group>"; };
		AD7DDE9A17A0E584004723BF /* Default-568h@2x.png */ = {isa = PBXFileReference; lastKnownFileType = image.png; path = "Default-568h@2x.png"; sourceTree = "<group>"; };
		AD7DDE9C17A0E584004723BF /* PDViewController.h */ = {isa = PBXFileReference; lastKnownFileType = sourcecode.c.h; path = PDViewController.h; sourceTree = "<group>"; };
		AD7DDE9D17A0E584004723BF /* PDViewController.m */ = {isa = PBXFileReference; lastKnownFileType = sourcecode.c.objc; path = PDViewController.m; sourceTree = "<group>"; };
		AD7DDEA017A0E584004723BF /* en */ = {isa = PBXFileReference; lastKnownFileType = file.xib; name = en; path = en.lproj/PDViewController.xib; sourceTree = "<group>"; };
		AD7DDEAA17A0E70C004723BF /* PDDescriptor.h */ = {isa = PBXFileReference; lastKnownFileType = sourcecode.c.h; path = PDDescriptor.h; sourceTree = "<group>"; };
		AD7DDEAB17A0E70C004723BF /* PDPrimitiveDescriptor.h */ = {isa = PBXFileReference; lastKnownFileType = sourcecode.c.h; path = PDPrimitiveDescriptor.h; sourceTree = "<group>"; };
		AD7DDEAE17A0E7EA004723BF /* PDBoolPrimitiveDescriptor.h */ = {isa = PBXFileReference; fileEncoding = 4; lastKnownFileType = sourcecode.c.h; path = PDBoolPrimitiveDescriptor.h; sourceTree = "<group>"; };
		AD7DDEAF17A0E7EA004723BF /* PDBoolPrimitiveDescriptor.m */ = {isa = PBXFileReference; fileEncoding = 4; lastKnownFileType = sourcecode.c.objc; path = PDBoolPrimitiveDescriptor.m; sourceTree = "<group>"; };
		AD7DDEB517A0F850004723BF /* PDDescriptors.h */ = {isa = PBXFileReference; fileEncoding = 4; lastKnownFileType = sourcecode.c.h; path = PDDescriptors.h; sourceTree = "<group>"; };
		AD7DDEB617A0F850004723BF /* PDDescriptors.m */ = {isa = PBXFileReference; fileEncoding = 4; lastKnownFileType = sourcecode.c.objc; path = PDDescriptors.m; sourceTree = "<group>"; };
		AD7DDEB817A116B0004723BF /* PDInt16PrimitiveDescriptor.h */ = {isa = PBXFileReference; fileEncoding = 4; lastKnownFileType = sourcecode.c.h; path = PDInt16PrimitiveDescriptor.h; sourceTree = "<group>"; };
		AD7DDEB917A116B0004723BF /* PDInt16PrimitiveDescriptor.m */ = {isa = PBXFileReference; fileEncoding = 4; lastKnownFileType = sourcecode.c.objc; path = PDInt16PrimitiveDescriptor.m; sourceTree = "<group>"; };
		AD7DDEBE17A118BC004723BF /* PDInt32PrimitiveDescriptor.h */ = {isa = PBXFileReference; fileEncoding = 4; lastKnownFileType = sourcecode.c.h; path = PDInt32PrimitiveDescriptor.h; sourceTree = "<group>"; };
		AD7DDEBF17A118BC004723BF /* PDInt32PrimitiveDescriptor.m */ = {isa = PBXFileReference; fileEncoding = 4; lastKnownFileType = sourcecode.c.objc; path = PDInt32PrimitiveDescriptor.m; sourceTree = "<group>"; };
		AD7DDEC117A118DA004723BF /* PDInt64PrimitiveDescriptor.h */ = {isa = PBXFileReference; fileEncoding = 4; lastKnownFileType = sourcecode.c.h; path = PDInt64PrimitiveDescriptor.h; sourceTree = "<group>"; };
		AD7DDEC217A118DB004723BF /* PDInt64PrimitiveDescriptor.m */ = {isa = PBXFileReference; fileEncoding = 4; lastKnownFileType = sourcecode.c.objc; path = PDInt64PrimitiveDescriptor.m; sourceTree = "<group>"; };
		AD7DDEC417A118F3004723BF /* PDFloatPrimitiveDescriptor.h */ = {isa = PBXFileReference; fileEncoding = 4; lastKnownFileType = sourcecode.c.h; path = PDFloatPrimitiveDescriptor.h; sourceTree = "<group>"; };
		AD7DDEC517A118F4004723BF /* PDFloatPrimitiveDescriptor.m */ = {isa = PBXFileReference; fileEncoding = 4; lastKnownFileType = sourcecode.c.objc; path = PDFloatPrimitiveDescriptor.m; sourceTree = "<group>"; };
		AD7DDEC717A1190A004723BF /* PDDoublePrimitiveDescriptor.h */ = {isa = PBXFileReference; fileEncoding = 4; lastKnownFileType = sourcecode.c.h; path = PDDoublePrimitiveDescriptor.h; sourceTree = "<group>"; };
		AD7DDEC817A1190A004723BF /* PDDoublePrimitiveDescriptor.m */ = {isa = PBXFileReference; fileEncoding = 4; lastKnownFileType = sourcecode.c.objc; path = PDDoublePrimitiveDescriptor.m; sourceTree = "<group>"; };
		AD7DDECA17A11938004723BF /* PDStringPrimitiveDescriptor.h */ = {isa = PBXFileReference; fileEncoding = 4; lastKnownFileType = sourcecode.c.h; path = PDStringPrimitiveDescriptor.h; sourceTree = "<group>"; };
		AD7DDECB17A11938004723BF /* PDStringPrimitiveDescriptor.m */ = {isa = PBXFileReference; fileEncoding = 4; lastKnownFileType = sourcecode.c.objc; path = PDStringPrimitiveDescriptor.m; sourceTree = "<group>"; };
		AD7DDECD17A1195C004723BF /* PDVoidDescriptor.h */ = {isa = PBXFileReference; fileEncoding = 4; lastKnownFileType = sourcecode.c.h; path = PDVoidDescriptor.h; sourceTree = "<group>"; };
		AD7DDECE17A1195C004723BF /* PDVoidDescriptor.m */ = {isa = PBXFileReference; fileEncoding = 4; lastKnownFileType = sourcecode.c.objc; path = PDVoidDescriptor.m; sourceTree = "<group>"; };
		AD7DDED017A1198F004723BF /* PDListDescriptor.h */ = {isa = PBXFileReference; fileEncoding = 4; lastKnownFileType = sourcecode.c.h; path = PDListDescriptor.h; sourceTree = "<group>"; };
		AD7DDED117A1198F004723BF /* PDListDescriptor.m */ = {isa = PBXFileReference; fileEncoding = 4; lastKnownFileType = sourcecode.c.objc; path = PDListDescriptor.m; sourceTree = "<group>"; };
		AD7DDED317A119BA004723BF /* PDSetDescriptor.h */ = {isa = PBXFileReference; fileEncoding = 4; lastKnownFileType = sourcecode.c.h; path = PDSetDescriptor.h; sourceTree = "<group>"; };
		AD7DDED417A119BA004723BF /* PDSetDescriptor.m */ = {isa = PBXFileReference; fileEncoding = 4; lastKnownFileType = sourcecode.c.objc; path = PDSetDescriptor.m; sourceTree = "<group>"; };
		AD7DDED617A119E5004723BF /* PDMapDescriptor.h */ = {isa = PBXFileReference; fileEncoding = 4; lastKnownFileType = sourcecode.c.h; path = PDMapDescriptor.h; sourceTree = "<group>"; };
		AD7DDED717A119E6004723BF /* PDMapDescriptor.m */ = {isa = PBXFileReference; fileEncoding = 4; lastKnownFileType = sourcecode.c.objc; path = PDMapDescriptor.m; sourceTree = "<group>"; };
/* End PBXFileReference section */

/* Begin PBXFrameworksBuildPhase section */
		AD7DDE7E17A0E584004723BF /* Frameworks */ = {
			isa = PBXFrameworksBuildPhase;
			buildActionMask = 2147483647;
			files = (
				AD7DDE8517A0E584004723BF /* UIKit.framework in Frameworks */,
				AD7DDE8717A0E584004723BF /* Foundation.framework in Frameworks */,
				AD7DDE8917A0E584004723BF /* CoreGraphics.framework in Frameworks */,
			);
			runOnlyForDeploymentPostprocessing = 0;
		};
/* End PBXFrameworksBuildPhase section */

/* Begin PBXGroup section */
		4404E3EB17A1762800A97143 /* Exception */ = {
			isa = PBXGroup;
			children = (
				4404E3EC17A1763F00A97143 /* PDException.h */,
				4404E3ED17A1763F00A97143 /* PDException.m */,
			);
			name = Exception;
			sourceTree = "<group>";
		};
		AD7DDE7817A0E584004723BF = {
			isa = PBXGroup;
			children = (
				AD7DDE8A17A0E584004723BF /* pdef */,
				AD7DDE8317A0E584004723BF /* Frameworks */,
				AD7DDE8217A0E584004723BF /* Products */,
			);
			sourceTree = "<group>";
		};
		AD7DDE8217A0E584004723BF /* Products */ = {
			isa = PBXGroup;
			children = (
				AD7DDE8117A0E584004723BF /* pdef.app */,
			);
			name = Products;
			sourceTree = "<group>";
		};
		AD7DDE8317A0E584004723BF /* Frameworks */ = {
			isa = PBXGroup;
			children = (
				AD7DDE8417A0E584004723BF /* UIKit.framework */,
				AD7DDE8617A0E584004723BF /* Foundation.framework */,
				AD7DDE8817A0E584004723BF /* CoreGraphics.framework */,
			);
			name = Frameworks;
			sourceTree = "<group>";
		};
		AD7DDE8A17A0E584004723BF /* pdef */ = {
			isa = PBXGroup;
			children = (
				AD7DDEA717A0E6DC004723BF /* Sources */,
				AD7DDE8B17A0E584004723BF /* Supporting Files */,
			);
			path = pdef;
			sourceTree = "<group>";
		};
		AD7DDE8B17A0E584004723BF /* Supporting Files */ = {
			isa = PBXGroup;
			children = (
				AD7DDE8C17A0E584004723BF /* pdef-Info.plist */,
				AD7DDE8D17A0E584004723BF /* InfoPlist.strings */,
				AD7DDE9017A0E584004723BF /* main.m */,
				AD7DDE9217A0E584004723BF /* pdef-Prefix.pch */,
				AD7DDE9617A0E584004723BF /* Default.png */,
				AD7DDE9817A0E584004723BF /* Default@2x.png */,
				AD7DDE9A17A0E584004723BF /* Default-568h@2x.png */,
			);
			name = "Supporting Files";
			sourceTree = "<group>";
		};
		AD7DDEA717A0E6DC004723BF /* Sources */ = {
			isa = PBXGroup;
			children = (
				AD7DDEA917A0E6EC004723BF /* pdef */,
				AD7DDEA817A0E6E4004723BF /* Trash */,
			);
			name = Sources;
			sourceTree = "<group>";
		};
		AD7DDEA817A0E6E4004723BF /* Trash */ = {
			isa = PBXGroup;
			children = (
				AD7DDE9317A0E584004723BF /* PDAppDelegate.h */,
				AD7DDE9417A0E584004723BF /* PDAppDelegate.m */,
				AD7DDE9C17A0E584004723BF /* PDViewController.h */,
				AD7DDE9D17A0E584004723BF /* PDViewController.m */,
				AD7DDE9F17A0E584004723BF /* PDViewController.xib */,
			);
			name = Trash;
			sourceTree = "<group>";
		};
		AD7DDEA917A0E6EC004723BF /* pdef */ = {
			isa = PBXGroup;
			children = (
				4404E3EB17A1762800A97143 /* Exception */,
				AD7DDEAC17A0E774004723BF /* Descriptors */,
				440087CB17A1248D00357121 /* PDVoid.h */,
				440087CC17A1248D00357121 /* PDVoid.m */,
			);
			name = pdef;
			sourceTree = "<group>";
		};
		AD7DDEAC17A0E774004723BF /* Descriptors */ = {
			isa = PBXGroup;
			children = (
				AD7DDEAD17A0E7A2004723BF /* Common */,
				AD7DDEAA17A0E70C004723BF /* PDDescriptor.h */,
				AD7DDEAB17A0E70C004723BF /* PDPrimitiveDescriptor.h */,
				AD7DDEB517A0F850004723BF /* PDDescriptors.h */,
				AD7DDEB617A0F850004723BF /* PDDescriptors.m */,
			);
			name = Descriptors;
			sourceTree = "<group>";
		};
		AD7DDEAD17A0E7A2004723BF /* Common */ = {
			isa = PBXGroup;
			children = (
				AD7DDEAE17A0E7EA004723BF /* PDBoolPrimitiveDescriptor.h */,
				AD7DDEAF17A0E7EA004723BF /* PDBoolPrimitiveDescriptor.m */,
				AD7DDEB817A116B0004723BF /* PDInt16PrimitiveDescriptor.h */,
				AD7DDEB917A116B0004723BF /* PDInt16PrimitiveDescriptor.m */,
				AD7DDEBE17A118BC004723BF /* PDInt32PrimitiveDescriptor.h */,
				AD7DDEBF17A118BC004723BF /* PDInt32PrimitiveDescriptor.m */,
				AD7DDEC117A118DA004723BF /* PDInt64PrimitiveDescriptor.h */,
				AD7DDEC217A118DB004723BF /* PDInt64PrimitiveDescriptor.m */,
				AD7DDEC417A118F3004723BF /* PDFloatPrimitiveDescriptor.h */,
				AD7DDEC517A118F4004723BF /* PDFloatPrimitiveDescriptor.m */,
				AD7DDEC717A1190A004723BF /* PDDoublePrimitiveDescriptor.h */,
				AD7DDEC817A1190A004723BF /* PDDoublePrimitiveDescriptor.m */,
				AD7DDECA17A11938004723BF /* PDStringPrimitiveDescriptor.h */,
				AD7DDECB17A11938004723BF /* PDStringPrimitiveDescriptor.m */,
				AD7DDECD17A1195C004723BF /* PDVoidDescriptor.h */,
				AD7DDECE17A1195C004723BF /* PDVoidDescriptor.m */,
				AD7DDED017A1198F004723BF /* PDListDescriptor.h */,
				AD7DDED117A1198F004723BF /* PDListDescriptor.m */,
				AD7DDED317A119BA004723BF /* PDSetDescriptor.h */,
				AD7DDED417A119BA004723BF /* PDSetDescriptor.m */,
				AD7DDED617A119E5004723BF /* PDMapDescriptor.h */,
				AD7DDED717A119E6004723BF /* PDMapDescriptor.m */,
			);
			name = Common;
			sourceTree = "<group>";
		};
/* End PBXGroup section */

/* Begin PBXNativeTarget section */
		AD7DDE8017A0E584004723BF /* pdef */ = {
			isa = PBXNativeTarget;
			buildConfigurationList = AD7DDEA417A0E584004723BF /* Build configuration list for PBXNativeTarget "pdef" */;
			buildPhases = (
				AD7DDE7D17A0E584004723BF /* Sources */,
				AD7DDE7E17A0E584004723BF /* Frameworks */,
				AD7DDE7F17A0E584004723BF /* Resources */,
			);
			buildRules = (
			);
			dependencies = (
			);
			name = pdef;
			productName = pdef;
			productReference = AD7DDE8117A0E584004723BF /* pdef.app */;
			productType = "com.apple.product-type.application";
		};
/* End PBXNativeTarget section */

/* Begin PBXProject section */
		AD7DDE7917A0E584004723BF /* Project object */ = {
			isa = PBXProject;
			attributes = {
				CLASSPREFIX = PD;
				LastUpgradeCheck = 0460;
				ORGANIZATIONNAME = "Vitaly Berg";
			};
			buildConfigurationList = AD7DDE7C17A0E584004723BF /* Build configuration list for PBXProject "pdef" */;
			compatibilityVersion = "Xcode 3.2";
			developmentRegion = English;
			hasScannedForEncodings = 0;
			knownRegions = (
				en,
			);
			mainGroup = AD7DDE7817A0E584004723BF;
			productRefGroup = AD7DDE8217A0E584004723BF /* Products */;
			projectDirPath = "";
			projectRoot = "";
			targets = (
				AD7DDE8017A0E584004723BF /* pdef */,
			);
		};
/* End PBXProject section */

/* Begin PBXResourcesBuildPhase section */
		AD7DDE7F17A0E584004723BF /* Resources */ = {
			isa = PBXResourcesBuildPhase;
			buildActionMask = 2147483647;
			files = (
				AD7DDE8F17A0E584004723BF /* InfoPlist.strings in Resources */,
				AD7DDE9717A0E584004723BF /* Default.png in Resources */,
				AD7DDE9917A0E584004723BF /* Default@2x.png in Resources */,
				AD7DDE9B17A0E584004723BF /* Default-568h@2x.png in Resources */,
				AD7DDEA117A0E584004723BF /* PDViewController.xib in Resources */,
			);
			runOnlyForDeploymentPostprocessing = 0;
		};
/* End PBXResourcesBuildPhase section */

/* Begin PBXSourcesBuildPhase section */
		AD7DDE7D17A0E584004723BF /* Sources */ = {
			isa = PBXSourcesBuildPhase;
			buildActionMask = 2147483647;
			files = (
				AD7DDE9117A0E584004723BF /* main.m in Sources */,
				AD7DDE9517A0E584004723BF /* PDAppDelegate.m in Sources */,
				AD7DDE9E17A0E584004723BF /* PDViewController.m in Sources */,
				AD7DDEB017A0E7EA004723BF /* PDBoolPrimitiveDescriptor.m in Sources */,
				AD7DDEB717A0F850004723BF /* PDDescriptors.m in Sources */,
				AD7DDEBA17A116B0004723BF /* PDInt16PrimitiveDescriptor.m in Sources */,
				AD7DDEC017A118BC004723BF /* PDInt32PrimitiveDescriptor.m in Sources */,
				AD7DDEC317A118DB004723BF /* PDInt64PrimitiveDescriptor.m in Sources */,
				AD7DDEC617A118F4004723BF /* PDFloatPrimitiveDescriptor.m in Sources */,
				AD7DDEC917A1190A004723BF /* PDDoublePrimitiveDescriptor.m in Sources */,
				AD7DDECC17A11938004723BF /* PDStringPrimitiveDescriptor.m in Sources */,
				AD7DDECF17A1195D004723BF /* PDVoidDescriptor.m in Sources */,
				AD7DDED217A11990004723BF /* PDListDescriptor.m in Sources */,
				AD7DDED517A119BB004723BF /* PDSetDescriptor.m in Sources */,
				AD7DDED817A119E7004723BF /* PDMapDescriptor.m in Sources */,
				440087CD17A1248D00357121 /* PDVoid.m in Sources */,
				4404E3EE17A1763F00A97143 /* PDException.m in Sources */,
			);
			runOnlyForDeploymentPostprocessing = 0;
		};
/* End PBXSourcesBuildPhase section */

/* Begin PBXVariantGroup section */
		AD7DDE8D17A0E584004723BF /* InfoPlist.strings */ = {
			isa = PBXVariantGroup;
			children = (
				AD7DDE8E17A0E584004723BF /* en */,
			);
			name = InfoPlist.strings;
			sourceTree = "<group>";
		};
		AD7DDE9F17A0E584004723BF /* PDViewController.xib */ = {
			isa = PBXVariantGroup;
			children = (
				AD7DDEA017A0E584004723BF /* en */,
			);
			name = PDViewController.xib;
			sourceTree = "<group>";
		};
/* End PBXVariantGroup section */

/* Begin XCBuildConfiguration section */
		AD7DDEA217A0E584004723BF /* Debug */ = {
			isa = XCBuildConfiguration;
			buildSettings = {
				ALWAYS_SEARCH_USER_PATHS = NO;
				CLANG_CXX_LANGUAGE_STANDARD = "gnu++0x";
				CLANG_CXX_LIBRARY = "libc++";
				CLANG_ENABLE_OBJC_ARC = YES;
				CLANG_WARN_CONSTANT_CONVERSION = YES;
				CLANG_WARN_EMPTY_BODY = YES;
				CLANG_WARN_ENUM_CONVERSION = YES;
				CLANG_WARN_INT_CONVERSION = YES;
				CLANG_WARN__DUPLICATE_METHOD_MATCH = YES;
				"CODE_SIGN_IDENTITY[sdk=iphoneos*]" = "iPhone Developer";
				COPY_PHASE_STRIP = NO;
				GCC_C_LANGUAGE_STANDARD = gnu99;
				GCC_DYNAMIC_NO_PIC = NO;
				GCC_OPTIMIZATION_LEVEL = 0;
				GCC_PREPROCESSOR_DEFINITIONS = (
					"DEBUG=1",
					"$(inherited)",
				);
				GCC_SYMBOLS_PRIVATE_EXTERN = NO;
				GCC_WARN_ABOUT_RETURN_TYPE = YES;
				GCC_WARN_UNINITIALIZED_AUTOS = YES;
				GCC_WARN_UNUSED_VARIABLE = YES;
				IPHONEOS_DEPLOYMENT_TARGET = 6.1;
				ONLY_ACTIVE_ARCH = YES;
				SDKROOT = iphoneos;
			};
			name = Debug;
		};
		AD7DDEA317A0E584004723BF /* Release */ = {
			isa = XCBuildConfiguration;
			buildSettings = {
				ALWAYS_SEARCH_USER_PATHS = NO;
				CLANG_CXX_LANGUAGE_STANDARD = "gnu++0x";
				CLANG_CXX_LIBRARY = "libc++";
				CLANG_ENABLE_OBJC_ARC = YES;
				CLANG_WARN_CONSTANT_CONVERSION = YES;
				CLANG_WARN_EMPTY_BODY = YES;
				CLANG_WARN_ENUM_CONVERSION = YES;
				CLANG_WARN_INT_CONVERSION = YES;
				CLANG_WARN__DUPLICATE_METHOD_MATCH = YES;
				"CODE_SIGN_IDENTITY[sdk=iphoneos*]" = "iPhone Developer";
				COPY_PHASE_STRIP = YES;
				GCC_C_LANGUAGE_STANDARD = gnu99;
				GCC_WARN_ABOUT_RETURN_TYPE = YES;
				GCC_WARN_UNINITIALIZED_AUTOS = YES;
				GCC_WARN_UNUSED_VARIABLE = YES;
				IPHONEOS_DEPLOYMENT_TARGET = 6.1;
				OTHER_CFLAGS = "-DNS_BLOCK_ASSERTIONS=1";
				SDKROOT = iphoneos;
				VALIDATE_PRODUCT = YES;
			};
			name = Release;
		};
		AD7DDEA517A0E584004723BF /* Debug */ = {
			isa = XCBuildConfiguration;
			buildSettings = {
				GCC_PRECOMPILE_PREFIX_HEADER = YES;
				GCC_PREFIX_HEADER = "pdef/pdef-Prefix.pch";
				INFOPLIST_FILE = "pdef/pdef-Info.plist";
				PRODUCT_NAME = "$(TARGET_NAME)";
				WRAPPER_EXTENSION = app;
			};
			name = Debug;
		};
		AD7DDEA617A0E584004723BF /* Release */ = {
			isa = XCBuildConfiguration;
			buildSettings = {
				GCC_PRECOMPILE_PREFIX_HEADER = YES;
				GCC_PREFIX_HEADER = "pdef/pdef-Prefix.pch";
				INFOPLIST_FILE = "pdef/pdef-Info.plist";
				PRODUCT_NAME = "$(TARGET_NAME)";
				WRAPPER_EXTENSION = app;
			};
			name = Release;
		};
/* End XCBuildConfiguration section */

/* Begin XCConfigurationList section */
		AD7DDE7C17A0E584004723BF /* Build configuration list for PBXProject "pdef" */ = {
			isa = XCConfigurationList;
			buildConfigurations = (
				AD7DDEA217A0E584004723BF /* Debug */,
				AD7DDEA317A0E584004723BF /* Release */,
			);
			defaultConfigurationIsVisible = 0;
			defaultConfigurationName = Release;
		};
		AD7DDEA417A0E584004723BF /* Build configuration list for PBXNativeTarget "pdef" */ = {
			isa = XCConfigurationList;
			buildConfigurations = (
				AD7DDEA517A0E584004723BF /* Debug */,
				AD7DDEA617A0E584004723BF /* Release */,
			);
			defaultConfigurationIsVisible = 0;
			defaultConfigurationName = Release;
		};
/* End XCConfigurationList section */
	};
	rootObject = AD7DDE7917A0E584004723BF /* Project object */;
}
